<?xml version="1.0" encoding="utf-8"?>
<Project ToolsVersion="4.0" xmlns="http://schemas.microsoft.com/developer/msbuild/2003">
  <ItemGroup>
    <Filter Include="Source Files">
      <UniqueIdentifier>{4FC737F1-C7A5-4376-A066-2A32D752A2FF}</UniqueIdentifier>
      <Extensions>cpp;c;cc;cxx;def;odl;idl;hpj;bat;asm;asmx</Extensions>
    </Filter>
    <Filter Include="Header Files">
      <UniqueIdentifier>{93995380-89BD-4b04-88EB-625FBE52EBFB}</UniqueIdentifier>
      <Extensions>h;hh;hpp;hxx;hm;inl;inc;xsd</Extensions>
    </Filter>
    <Filter Include="Resource Files">
      <UniqueIdentifier>{67DA6AB6-F800-4c08-8B7A-83BB121AAD01}</UniqueIdentifier>
      <Extensions>rc;ico;cur;bmp;dlg;rc2;rct;bin;rgs;gif;jpg;jpeg;jpe;resx;tiff;tif;png;wav;mfcribbon-ms</Extensions>
    </Filter>
    <Filter Include="Header Files\ParallelClustering">
      <UniqueIdentifier>{e4fadb69-e785-49e7-b52e-a53f6d251ca0}</UniqueIdentifier>
    </Filter>
    <Filter Include="Header Files\ParallelClustering\FuzzyCMeansCollection">
      <UniqueIdentifier>{88c4a7d3-bac3-4e55-afd1-467d6906d51c}</UniqueIdentifier>
    </Filter>
    <Filter Include="Header Files\ParallelClustering\Metrics">
      <UniqueIdentifier>{456aa947-f12a-40e0-a603-a572a9bcfeb6}</UniqueIdentifier>
    </Filter>
    <Filter Include="Source Files\ParallelClustering">
      <UniqueIdentifier>{4ea71267-0025-457d-9fe8-7914ef3aca27}</UniqueIdentifier>
    </Filter>
    <Filter Include="Source Files\ParallelClustering\FuzzyCMeansCollection">
      <UniqueIdentifier>{9d81b3f7-e524-439f-8f76-e19083790028}</UniqueIdentifier>
    </Filter>
    <Filter Include="Source Files\ParallelClustering\Metrics">
      <UniqueIdentifier>{94fabb68-b40c-40c7-bfff-4bb674f7d75b}</UniqueIdentifier>
    </Filter>
  </ItemGroup>
  <ItemGroup>
    <ClInclude Include="FuzzyCMeans.h">
      <Filter>Header Files\ParallelClustering\FuzzyCMeansCollection</Filter>
    </ClInclude>
    <ClInclude Include="MetricsDistance.h">
      <Filter>Header Files\ParallelClustering\Metrics</Filter>
    </ClInclude>
    <ClInclude Include="Helper.h">
      <Filter>Header Files\ParallelClustering</Filter>
    </ClInclude>
    <ClInclude Include="Executor.h">
      <Filter>Header Files\ParallelClustering</Filter>
    </ClInclude>
    <ClInclude Include="ClusterParameters.h">
      <Filter>Header Files\ParallelClustering</Filter>
    </ClInclude>
    <ClInclude Include="ParallelClustering.h">
      <Filter>Header Files</Filter>
    </ClInclude>
    <ClInclude Include="FuzzyCMeansOpenMP.h">
      <Filter>Header Files\ParallelClustering\FuzzyCMeansCollection</Filter>
    </ClInclude>
    <ClInclude Include="ExecutorArray.h">
      <Filter>Header Files</Filter>
    </ClInclude>
    <ClInclude Include="FuzzyCMeansArray.h">
      <Filter>Header Files</Filter>
    </ClInclude>
    <ClInclude Include="FuzzyCMeansArrayOpenMP.h">
      <Filter>Header Files</Filter>
    </ClInclude>
  </ItemGroup>
  <ItemGroup>
    <ClCompile Include="Source.cpp">
      <Filter>Source Files</Filter>
    </ClCompile>
    <ClCompile Include="FuzzyCMeans.cpp">
      <Filter>Source Files\ParallelClustering\FuzzyCMeansCollection</Filter>
    </ClCompile>
    <ClCompile Include="MetricsDistance.cpp">
      <Filter>Source Files\ParallelClustering\Metrics</Filter>
    </ClCompile>
    <ClCompile Include="Helper.cpp">
      <Filter>Source Files\ParallelClustering</Filter>
    </ClCompile>
    <ClCompile Include="Executor.cpp">
      <Filter>Source Files\ParallelClustering</Filter>
    </ClCompile>
    <ClCompile Include="ClusterParameters.cpp">
      <Filter>Source Files\ParallelClustering</Filter>
    </ClCompile>
    <ClCompile Include="FuzzyCMeansOpenMP.cpp">
      <Filter>Source Files\ParallelClustering\FuzzyCMeansCollection</Filter>
    </ClCompile>
    <ClCompile Include="ExecutorArray.cpp">
      <Filter>Source Files</Filter>
    </ClCompile>
    <ClCompile Include="FuzzyCMeansArray.cpp">
      <Filter>Source Files</Filter>
    </ClCompile>
    <ClCompile Include="FuzzyCMeansArrayOpenMP.cpp">
      <Filter>Source Files</Filter>
    </ClCompile>
  </ItemGroup>
  <ItemGroup>
    <None Include="csv\log.csv">
      <Filter>Resource Files</Filter>
    </None>
    <None Include="csv\output.csv">
      <Filter>Resource Files</Filter>
    </None>
  </ItemGroup>
  <ItemGroup>
    <Text Include="csv\input.csv">
      <Filter>Resource Files</Filter>
    </Text>
  </ItemGroup>
</Project>